
Microsoft Visual Studio Solution File, Format Version 12.00
# Visual Studio 15
Project("{FAE04EC0-301F-11D3-BF4B-00C04F79EFBC}") = "Ipd12_dotnet_project_g", "Ipd12_dotnet_project_g.csproj", "{3DE78FE1-1B1E-0299-A669-279874B33EDF}"
EndProject
Global
	GlobalSection(SolutionConfigurationPlatforms) = preSolution
		Debug|Any CPU = Debug|Any CPU
		Release|Any CPU = Release|Any CPU
	EndGlobalSection
	GlobalSection(ProjectConfigurationPlatforms) = postSolution
		{3DE78FE1-1B1E-0299-A669-279874B33EDF}.Debug|Any CPU.ActiveCfg = Debug|Any CPU
		{3DE78FE1-1B1E-0299-A669-279874B33EDF}.Debug|Any CPU.Build.0 = Debug|Any CPU
		{3DE78FE1-1B1E-0299-A669-279874B33EDF}.Release|Any CPU.ActiveCfg = Release|Any CPU
		{3DE78FE1-1B1E-0299-A669-279874B33EDF}.Release|Any CPU.Build.0 = Release|Any CPU
	EndGlobalSection
	GlobalSection(SolutionProperties) = preSolution
		HideSolutionNode = FALSE
	EndGlobalSection
EndGlobal
